
Microsoft Visual Studio Solution File, Format Version 12.00
# Visual Studio Version 16
VisualStudioVersion = 16.0.31911.196
MinimumVisualStudioVersion = 10.0.40219.1
Project("{9A19103F-16F7-4668-BE54-9A1E7A4F7556}") = "MindboxClassLibrary1", "MindboxClassLibrary1.csproj", "{27D58D0B-F69E-4635-9362-FA301C0730BF}"
EndProject
Project("{FAE04EC0-301F-11D3-BF4B-00C04F79EFBC}") = "TestProject1", "..\TestProject1\TestProject1.csproj", "{BB892B80-BB2E-4612-B3E2-1B72443C12D0}"
EndProject
Global
	GlobalSection(SolutionConfigurationPlatforms) = preSolution
		Debug|Any CPU = Debug|Any CPU
		Release|Any CPU = Release|Any CPU
	EndGlobalSection
	GlobalSection(ProjectConfigurationPlatforms) = postSolution
		{27D58D0B-F69E-4635-9362-FA301C0730BF}.Debug|Any CPU.ActiveCfg = Debug|Any CPU
		{27D58D0B-F69E-4635-9362-FA301C0730BF}.Debug|Any CPU.Build.0 = Debug|Any CPU
		{27D58D0B-F69E-4635-9362-FA301C0730BF}.Release|Any CPU.ActiveCfg = Release|Any CPU
		{27D58D0B-F69E-4635-9362-FA301C0730BF}.Release|Any CPU.Build.0 = Release|Any CPU
		{BB892B80-BB2E-4612-B3E2-1B72443C12D0}.Debug|Any CPU.ActiveCfg = Debug|Any CPU
		{BB892B80-BB2E-4612-B3E2-1B72443C12D0}.Debug|Any CPU.Build.0 = Debug|Any CPU
		{BB892B80-BB2E-4612-B3E2-1B72443C12D0}.Release|Any CPU.ActiveCfg = Release|Any CPU
		{BB892B80-BB2E-4612-B3E2-1B72443C12D0}.Release|Any CPU.Build.0 = Release|Any CPU
	EndGlobalSection
	GlobalSection(SolutionProperties) = preSolution
		HideSolutionNode = FALSE
	EndGlobalSection
	GlobalSection(ExtensibilityGlobals) = postSolution
		SolutionGuid = {6B8FE29B-F242-4CCB-ACAF-D0DE190658E2}
	EndGlobalSection
EndGlobal
